// !$*UTF8*$!
{
	archiveVersion = 1;
	classes = {
	};
	objectVersion = 46;
	objects = {

/* Begin PBXBuildFile section */
		96484D451D84AB1700A1B859 /* AppDelegate.swift in Sources */ = {isa = PBXBuildFile; fileRef = 96484D441D84AB1700A1B859 /* AppDelegate.swift */; };
		96484D471D84AB1700A1B859 /* MemeEditorViewController.swift in Sources */ = {isa = PBXBuildFile; fileRef = 96484D461D84AB1700A1B859 /* MemeEditorViewController.swift */; };
		96484D4A1D84AB1700A1B859 /* Main.storyboard in Resources */ = {isa = PBXBuildFile; fileRef = 96484D481D84AB1700A1B859 /* Main.storyboard */; };
		96484D4C1D84AB1700A1B859 /* Assets.xcassets in Resources */ = {isa = PBXBuildFile; fileRef = 96484D4B1D84AB1700A1B859 /* Assets.xcassets */; };
		96484D4F1D84AB1700A1B859 /* LaunchScreen.storyboard in Resources */ = {isa = PBXBuildFile; fileRef = 96484D4D1D84AB1700A1B859 /* LaunchScreen.storyboard */; };
		96484D5A1D84AB1700A1B859 /* MemeMe_1_0Tests.swift in Sources */ = {isa = PBXBuildFile; fileRef = 96484D591D84AB1700A1B859 /* MemeMe_1_0Tests.swift */; };
		96484D651D84AB1700A1B859 /* MemeMe_1_0UITests.swift in Sources */ = {isa = PBXBuildFile; fileRef = 96484D641D84AB1700A1B859 /* MemeMe_1_0UITests.swift */; };
/* End PBXBuildFile section */

/* Begin PBXContainerItemProxy section */
		96484D561D84AB1700A1B859 /* PBXContainerItemProxy */ = {
			isa = PBXContainerItemProxy;
			containerPortal = 96484D391D84AB1700A1B859 /* Project object */;
			proxyType = 1;
			remoteGlobalIDString = 96484D401D84AB1700A1B859;
			remoteInfo = "MemeMe 1.0";
		};
		96484D611D84AB1700A1B859 /* PBXContainerItemProxy */ = {
			isa = PBXContainerItemProxy;
			containerPortal = 96484D391D84AB1700A1B859 /* Project object */;
			proxyType = 1;
			remoteGlobalIDString = 96484D401D84AB1700A1B859;
			remoteInfo = "MemeMe 1.0";
		};
/* End PBXContainerItemProxy section */

/* Begin PBXFileReference section */
		96484D411D84AB1700A1B859 /* MemeMe.app */ = {isa = PBXFileReference; explicitFileType = wrapper.application; includeInIndex = 0; path = MemeMe.app; sourceTree = BUILT_PRODUCTS_DIR; };
		96484D441D84AB1700A1B859 /* AppDelegate.swift */ = {isa = PBXFileReference; lastKnownFileType = sourcecode.swift; path = AppDelegate.swift; sourceTree = "<group>"; };
		96484D461D84AB1700A1B859 /* MemeEditorViewController.swift */ = {isa = PBXFileReference; lastKnownFileType = sourcecode.swift; path = MemeEditorViewController.swift; sourceTree = "<group>"; };
		96484D491D84AB1700A1B859 /* Base */ = {isa = PBXFileReference; lastKnownFileType = file.storyboard; name = Base; path = Base.lproj/Main.storyboard; sourceTree = "<group>"; };
		96484D4B1D84AB1700A1B859 /* Assets.xcassets */ = {isa = PBXFileReference; lastKnownFileType = folder.assetcatalog; path = Assets.xcassets; sourceTree = "<group>"; };
		96484D4E1D84AB1700A1B859 /* Base */ = {isa = PBXFileReference; lastKnownFileType = file.storyboard; name = Base; path = Base.lproj/LaunchScreen.storyboard; sourceTree = "<group>"; };
		96484D501D84AB1700A1B859 /* Info.plist */ = {isa = PBXFileReference; lastKnownFileType = text.plist.xml; path = Info.plist; sourceTree = "<group>"; };
		96484D551D84AB1700A1B859 /* MemeMeTests.xctest */ = {isa = PBXFileReference; explicitFileType = wrapper.cfbundle; includeInIndex = 0; path = MemeMeTests.xctest; sourceTree = BUILT_PRODUCTS_DIR; };
		96484D591D84AB1700A1B859 /* MemeMe_1_0Tests.swift */ = {isa = PBXFileReference; lastKnownFileType = sourcecode.swift; path = MemeMe_1_0Tests.swift; sourceTree = "<group>"; };
		96484D5B1D84AB1700A1B859 /* Info.plist */ = {isa = PBXFileReference; lastKnownFileType = text.plist.xml; path = Info.plist; sourceTree = "<group>"; };
		96484D601D84AB1700A1B859 /* MemeMeUITests.xctest */ = {isa = PBXFileReference; explicitFileType = wrapper.cfbundle; includeInIndex = 0; path = MemeMeUITests.xctest; sourceTree = BUILT_PRODUCTS_DIR; };
		96484D641D84AB1700A1B859 /* MemeMe_1_0UITests.swift */ = {isa = PBXFileReference; lastKnownFileType = sourcecode.swift; path = MemeMe_1_0UITests.swift; sourceTree = "<group>"; };
		96484D661D84AB1700A1B859 /* Info.plist */ = {isa = PBXFileReference; lastKnownFileType = text.plist.xml; path = Info.plist; sourceTree = "<group>"; };
/* End PBXFileReference section */

/* Begin PBXFrameworksBuildPhase section */
		96484D3E1D84AB1700A1B859 /* Frameworks */ = {
			isa = PBXFrameworksBuildPhase;
			buildActionMask = 2147483647;
			files = (
			);
			runOnlyForDeploymentPostprocessing = 0;
		};
		96484D521D84AB1700A1B859 /* Frameworks */ = {
			isa = PBXFrameworksBuildPhase;
			buildActionMask = 2147483647;
			files = (
			);
			runOnlyForDeploymentPostprocessing = 0;
		};
		96484D5D1D84AB1700A1B859 /* Frameworks */ = {
			isa = PBXFrameworksBuildPhase;
			buildActionMask = 2147483647;
			files = (
			);
			runOnlyForDeploymentPostprocessing = 0;
		};
/* End PBXFrameworksBuildPhase section */

/* Begin PBXGroup section */
		96484D381D84AB1700A1B859 = {
			isa = PBXGroup;
			children = (
				96484D431D84AB1700A1B859 /* MemeMe 1.0 */,
				96484D631D84AB1700A1B859 /* MemeMe 1.0UITests */,
				96484D421D84AB1700A1B859 /* Products */,
			);
			sourceTree = "<group>";
		};
		96484D421D84AB1700A1B859 /* Products */ = {
			isa = PBXGroup;
			children = (
				96484D411D84AB1700A1B859 /* MemeMe.app */,
				96484D551D84AB1700A1B859 /* MemeMeTests.xctest */,
				96484D601D84AB1700A1B859 /* MemeMeUITests.xctest */,
			);
			name = Products;
			sourceTree = "<group>";
		};
		96484D431D84AB1700A1B859 /* MemeMe 1.0 */ = {
			isa = PBXGroup;
			children = (
				96484D441D84AB1700A1B859 /* AppDelegate.swift */,
				96484D461D84AB1700A1B859 /* MemeEditorViewController.swift */,
				96484D481D84AB1700A1B859 /* Main.storyboard */,
				96484D4B1D84AB1700A1B859 /* Assets.xcassets */,
				96484D4D1D84AB1700A1B859 /* LaunchScreen.storyboard */,
				96484D501D84AB1700A1B859 /* Info.plist */,
				96484D581D84AB1700A1B859 /* MemeMe 1.0Tests */,
			);
			path = "MemeMe 1.0";
			sourceTree = "<group>";
		};
		96484D581D84AB1700A1B859 /* MemeMe 1.0Tests */ = {
			isa = PBXGroup;
			children = (
				96484D591D84AB1700A1B859 /* MemeMe_1_0Tests.swift */,
				96484D5B1D84AB1700A1B859 /* Info.plist */,
			);
			path = "MemeMe 1.0Tests";
			sourceTree = SOURCE_ROOT;
		};
		96484D631D84AB1700A1B859 /* MemeMe 1.0UITests */ = {
			isa = PBXGroup;
			children = (
				96484D641D84AB1700A1B859 /* MemeMe_1_0UITests.swift */,
				96484D661D84AB1700A1B859 /* Info.plist */,
			);
			path = "MemeMe 1.0UITests";
			sourceTree = "<group>";
		};
/* End PBXGroup section */

/* Begin PBXNativeTarget section */
		96484D401D84AB1700A1B859 /* MemeMe */ = {
			isa = PBXNativeTarget;
			buildConfigurationList = 96484D691D84AB1700A1B859 /* Build configuration list for PBXNativeTarget "MemeMe" */;
			buildPhases = (
				96484D3D1D84AB1700A1B859 /* Sources */,
				96484D3E1D84AB1700A1B859 /* Frameworks */,
				96484D3F1D84AB1700A1B859 /* Resources */,
			);
			buildRules = (
			);
			dependencies = (
			);
			name = MemeMe;
			productName = "MemeMe 1.0";
			productReference = 96484D411D84AB1700A1B859 /* MemeMe.app */;
			productType = "com.apple.product-type.application";
		};
		96484D541D84AB1700A1B859 /* MemeMeTests */ = {
			isa = PBXNativeTarget;
			buildConfigurationList = 96484D6C1D84AB1700A1B859 /* Build configuration list for PBXNativeTarget "MemeMeTests" */;
			buildPhases = (
				96484D511D84AB1700A1B859 /* Sources */,
				96484D521D84AB1700A1B859 /* Frameworks */,
				96484D531D84AB1700A1B859 /* Resources */,
			);
			buildRules = (
			);
			dependencies = (
				96484D571D84AB1700A1B859 /* PBXTargetDependency */,
			);
			name = MemeMeTests;
			productName = "MemeMe 1.0Tests";
			productReference = 96484D551D84AB1700A1B859 /* MemeMeTests.xctest */;
			productType = "com.apple.product-type.bundle.unit-test";
		};
		96484D5F1D84AB1700A1B859 /* MemeMeUITests */ = {
			isa = PBXNativeTarget;
			buildConfigurationList = 96484D6F1D84AB1700A1B859 /* Build configuration list for PBXNativeTarget "MemeMeUITests" */;
			buildPhases = (
				96484D5C1D84AB1700A1B859 /* Sources */,
				96484D5D1D84AB1700A1B859 /* Frameworks */,
				96484D5E1D84AB1700A1B859 /* Resources */,
			);
			buildRules = (
			);
			dependencies = (
				96484D621D84AB1700A1B859 /* PBXTargetDependency */,
			);
			name = MemeMeUITests;
			productName = "MemeMe 1.0UITests";
			productReference = 96484D601D84AB1700A1B859 /* MemeMeUITests.xctest */;
			productType = "com.apple.product-type.bundle.ui-testing";
		};
/* End PBXNativeTarget section */

/* Begin PBXProject section */
		96484D391D84AB1700A1B859 /* Project object */ = {
			isa = PBXProject;
			attributes = {
				LastSwiftUpdateCheck = 0730;
				LastUpgradeCheck = 0800;
				ORGANIZATIONNAME = "Jason Malia";
				TargetAttributes = {
					96484D401D84AB1700A1B859 = {
						CreatedOnToolsVersion = 7.3.1;
						DevelopmentTeam = CUNEL8BQ4Q;
						LastSwiftMigration = 0800;
					};
					96484D541D84AB1700A1B859 = {
						CreatedOnToolsVersion = 7.3.1;
						LastSwiftMigration = 0800;
						TestTargetID = 96484D401D84AB1700A1B859;
					};
					96484D5F1D84AB1700A1B859 = {
						CreatedOnToolsVersion = 7.3.1;
						LastSwiftMigration = 0800;
						TestTargetID = 96484D401D84AB1700A1B859;
					};
				};
			};
			buildConfigurationList = 96484D3C1D84AB1700A1B859 /* Build configuration list for PBXProject "MemeMe" */;
			compatibilityVersion = "Xcode 3.2";
			developmentRegion = English;
			hasScannedForEncodings = 0;
			knownRegions = (
				en,
				Base,
			);
			mainGroup = 96484D381D84AB1700A1B859;
			productRefGroup = 96484D421D84AB1700A1B859 /* Products */;
			projectDirPath = "";
			projectRoot = "";
			targets = (
				96484D401D84AB1700A1B859 /* MemeMe */,
				96484D541D84AB1700A1B859 /* MemeMeTests */,
				96484D5F1D84AB1700A1B859 /* MemeMeUITests */,
			);
		};
/* End PBXProject section */

/* Begin PBXResourcesBuildPhase section */
		96484D3F1D84AB1700A1B859 /* Resources */ = {
			isa = PBXResourcesBuildPhase;
			buildActionMask = 2147483647;
			files = (
				96484D4F1D84AB1700A1B859 /* LaunchScreen.storyboard in Resources */,
				96484D4C1D84AB1700A1B859 /* Assets.xcassets in Resources */,
				96484D4A1D84AB1700A1B859 /* Main.storyboard in Resources */,
			);
			runOnlyForDeploymentPostprocessing = 0;
		};
		96484D531D84AB1700A1B859 /* Resources */ = {
			isa = PBXResourcesBuildPhase;
			buildActionMask = 2147483647;
			files = (
			);
			runOnlyForDeploymentPostprocessing = 0;
		};
		96484D5E1D84AB1700A1B859 /* Resources */ = {
			isa = PBXResourcesBuildPhase;
			buildActionMask = 2147483647;
			files = (
			);
			runOnlyForDeploymentPostprocessing = 0;
		};
/* End PBXResourcesBuildPhase section */

/* Begin PBXSourcesBuildPhase section */
		96484D3D1D84AB1700A1B859 /* Sources */ = {
			isa = PBXSourcesBuildPhase;
			buildActionMask = 2147483647;
			files = (
				96484D471D84AB1700A1B859 /* MemeEditorViewController.swift in Sources */,
				96484D451D84AB1700A1B859 /* AppDelegate.swift in Sources */,
			);
			runOnlyForDeploymentPostprocessing = 0;
		};
		96484D511D84AB1700A1B859 /* Sources */ = {
			isa = PBXSourcesBuildPhase;
			buildActionMask = 2147483647;
			files = (
				96484D5A1D84AB1700A1B859 /* MemeMe_1_0Tests.swift in Sources */,
			);
			runOnlyForDeploymentPostprocessing = 0;
		};
		96484D5C1D84AB1700A1B859 /* Sources */ = {
			isa = PBXSourcesBuildPhase;
			buildActionMask = 2147483647;
			files = (
				96484D651D84AB1700A1B859 /* MemeMe_1_0UITests.swift in Sources */,
			);
			runOnlyForDeploymentPostprocessing = 0;
		};
/* End PBXSourcesBuildPhase section */

/* Begin PBXTargetDependency section */
		96484D571D84AB1700A1B859 /* PBXTargetDependency */ = {
			isa = PBXTargetDependency;
			target = 96484D401D84AB1700A1B859 /* MemeMe */;
			targetProxy = 96484D561D84AB1700A1B859 /* PBXContainerItemProxy */;
		};
		96484D621D84AB1700A1B859 /* PBXTargetDependency */ = {
			isa = PBXTargetDependency;
			target = 96484D401D84AB1700A1B859 /* MemeMe */;
			targetProxy = 96484D611D84AB1700A1B859 /* PBXContainerItemProxy */;
		};
/* End PBXTargetDependency section */

/* Begin PBXVariantGroup section */
		96484D481D84AB1700A1B859 /* Main.storyboard */ = {
			isa = PBXVariantGroup;
			children = (
				96484D491D84AB1700A1B859 /* Base */,
			);
			name = Main.storyboard;
			sourceTree = "<group>";
		};
		96484D4D1D84AB1700A1B859 /* LaunchScreen.storyboard */ = {
			isa = PBXVariantGroup;
			children = (
				96484D4E1D84AB1700A1B859 /* Base */,
			);
			name = LaunchScreen.storyboard;
			sourceTree = "<group>";
		};
/* End PBXVariantGroup section */

/* Begin XCBuildConfiguration section */
		96484D671D84AB1700A1B859 /* Debug */ = {
			isa = XCBuildConfiguration;
			buildSettings = {
				ALWAYS_SEARCH_USER_PATHS = NO;
				CLANG_ANALYZER_NONNULL = YES;
				CLANG_CXX_LANGUAGE_STANDARD = "gnu++0x";
				CLANG_CXX_LIBRARY = "libc++";
				CLANG_ENABLE_MODULES = YES;
				CLANG_ENABLE_OBJC_ARC = YES;
				CLANG_WARN_BOOL_CONVERSION = YES;
				CLANG_WARN_CONSTANT_CONVERSION = YES;
				CLANG_WARN_DIRECT_OBJC_ISA_USAGE = YES_ERROR;
				CLANG_WARN_EMPTY_BODY = YES;
				CLANG_WARN_ENUM_CONVERSION = YES;
				CLANG_WARN_INFINITE_RECURSION = YES;
				CLANG_WARN_INT_CONVERSION = YES;
				CLANG_WARN_OBJC_ROOT_CLASS = YES_ERROR;
				CLANG_WARN_SUSPICIOUS_MOVE = YES;
				CLANG_WARN_UNREACHABLE_CODE = YES;
				CLANG_WARN__DUPLICATE_METHOD_MATCH = YES;
				"CODE_SIGN_IDENTITY[sdk=iphoneos*]" = "iPhone Developer";
				COPY_PHASE_STRIP = NO;
				DEBUG_INFORMATION_FORMAT = dwarf;
				ENABLE_STRICT_OBJC_MSGSEND = YES;
				ENABLE_TESTABILITY = YES;
				GCC_C_LANGUAGE_STANDARD = gnu99;
				GCC_DYNAMIC_NO_PIC = NO;
				GCC_NO_COMMON_BLOCKS = YES;
				GCC_OPTIMIZATION_LEVEL = 0;
				GCC_PREPROCESSOR_DEFINITIONS = (
					"DEBUG=1",
					"$(inherited)",
				);
				GCC_WARN_64_TO_32_BIT_CONVERSION = YES;
				GCC_WARN_ABOUT_RETURN_TYPE = YES_ERROR;
				GCC_WARN_UNDECLARED_SELECTOR = YES;
				GCC_WARN_UNINITIALIZED_AUTOS = YES_AGGRESSIVE;
				GCC_WARN_UNUSED_FUNCTION = YES;
				GCC_WARN_UNUSED_VARIABLE = YES;
				IPHONEOS_DEPLOYMENT_TARGET = 10.0;
				MTL_ENABLE_DEBUG_INFO = YES;
				ONLY_ACTIVE_ARCH = YES;
				SDKROOT = iphoneos;
				SWIFT_OPTIMIZATION_LEVEL = "-Onone";
			};
			name = Debug;
		};
		96484D681D84AB1700A1B859 /* Release */ = {
			isa = XCBuildConfiguration;
			buildSettings = {
				ALWAYS_SEARCH_USER_PATHS = NO;
				CLANG_ANALYZER_NONNULL = YES;
				CLANG_CXX_LANGUAGE_STANDARD = "gnu++0x";
				CLANG_CXX_LIBRARY = "libc++";
				CLANG_ENABLE_MODULES = YES;
				CLANG_ENABLE_OBJC_ARC = YES;
				CLANG_WARN_BOOL_CONVERSION = YES;
				CLANG_WARN_CONSTANT_CONVERSION = YES;
				CLANG_WARN_DIRECT_OBJC_ISA_USAGE = YES_ERROR;
				CLANG_WARN_EMPTY_BODY = YES;
				CLANG_WARN_ENUM_CONVERSION = YES;
				CLANG_WARN_INFINITE_RECURSION = YES;
				CLANG_WARN_INT_CONVERSION = YES;
				CLANG_WARN_OBJC_ROOT_CLASS = YES_ERROR;
				CLANG_WARN_SUSPICIOUS_MOVE = YES;
				CLANG_WARN_UNREACHABLE_CODE = YES;
				CLANG_WARN__DUPLICATE_METHOD_MATCH = YES;
				"CODE_SIGN_IDENTITY[sdk=iphoneos*]" = "iPhone Developer";
				COPY_PHASE_STRIP = NO;
				DEBUG_INFORMATION_FORMAT = "dwarf-with-dsym";
				ENABLE_NS_ASSERTIONS = NO;
				ENABLE_STRICT_OBJC_MSGSEND = YES;
				GCC_C_LANGUAGE_STANDARD = gnu99;
				GCC_NO_COMMON_BLOCKS = YES;
				GCC_WARN_64_TO_32_BIT_CONVERSION = YES;
				GCC_WARN_ABOUT_RETURN_TYPE = YES_ERROR;
				GCC_WARN_UNDECLARED_SELECTOR = YES;
				GCC_WARN_UNINITIALIZED_AUTOS = YES_AGGRESSIVE;
				GCC_WARN_UNUSED_FUNCTION = YES;
				GCC_WARN_UNUSED_VARIABLE = YES;
				IPHONEOS_DEPLOYMENT_TARGET = 10.0;
				MTL_ENABLE_DEBUG_INFO = NO;
				SDKROOT = iphoneos;
				SWIFT_OPTIMIZATION_LEVEL = "-Owholemodule";
				VALIDATE_PRODUCT = YES;
			};
			name = Release;
		};
		96484D6A1D84AB1700A1B859 /* Debug */ = {
			isa = XCBuildConfiguration;
			buildSettings = {
				ASSETCATALOG_COMPILER_APPICON_NAME = AppIcon;
				ASSETCATALOG_COMPILER_LAUNCHIMAGE_NAME = LaunchImage;
				DEVELOPMENT_TEAM = CUNEL8BQ4Q;
				INFOPLIST_FILE = "MemeMe 1.0/Info.plist";
				LD_RUNPATH_SEARCH_PATHS = "$(inherited) @executable_path/Frameworks";
				PRODUCT_BUNDLE_IDENTIFIER = "com.jasonmalia.MemeMe-1-0";
				PRODUCT_NAME = "$(TARGET_NAME)";
				SWIFT_VERSION = 3.0;
			};
			name = Debug;
		};
		96484D6B1D84AB1700A1B859 /* Release */ = {
			isa = XCBuildConfiguration;
			buildSettings = {
				ASSETCATALOG_COMPILER_APPICON_NAME = AppIcon;
				ASSETCATALOG_COMPILER_LAUNCHIMAGE_NAME = LaunchImage;
				DEVELOPMENT_TEAM = CUNEL8BQ4Q;
				INFOPLIST_FILE = "MemeMe 1.0/Info.plist";
				LD_RUNPATH_SEARCH_PATHS = "$(inherited) @executable_path/Frameworks";
				PRODUCT_BUNDLE_IDENTIFIER = "com.jasonmalia.MemeMe-1-0";
				PRODUCT_NAME = "$(TARGET_NAME)";
				SWIFT_VERSION = 3.0;
			};
			name = Release;
		};
		96484D6D1D84AB1700A1B859 /* Debug */ = {
			isa = XCBuildConfiguration;
			buildSettings = {
				BUNDLE_LOADER = "$(TEST_HOST)";
				INFOPLIST_FILE = "MemeMe 1.0Tests/Info.plist";
				LD_RUNPATH_SEARCH_PATHS = "$(inherited) @executable_path/Frameworks @loader_path/Frameworks";
				PRODUCT_BUNDLE_IDENTIFIER = "com.jasonmalia.MemeMe-1-0Tests";
				PRODUCT_NAME = "$(TARGET_NAME)";
				SWIFT_VERSION = 3.0;
				TEST_HOST = "$(BUILT_PRODUCTS_DIR)/MemeMe.app/MemeMe";
			};
			name = Debug;
		};
		96484D6E1D84AB1700A1B859 /* Release */ = {
			isa = XCBuildConfiguration;
			buildSettings = {
				BUNDLE_LOADER = "$(TEST_HOST)";
				INFOPLIST_FILE = "MemeMe 1.0Tests/Info.plist";
				LD_RUNPATH_SEARCH_PATHS = "$(inherited) @executable_path/Frameworks @loader_path/Frameworks";
				PRODUCT_BUNDLE_IDENTIFIER = "com.jasonmalia.MemeMe-1-0Tests";
				PRODUCT_NAME = "$(TARGET_NAME)";
				SWIFT_VERSION = 3.0;
				TEST_HOST = "$(BUILT_PRODUCTS_DIR)/MemeMe.app/MemeMe";
			};
			name = Release;
		};
		96484D701D84AB1700A1B859 /* Debug */ = {
			isa = XCBuildConfiguration;
			buildSettings = {
				INFOPLIST_FILE = "MemeMe 1.0UITests/Info.plist";
				LD_RUNPATH_SEARCH_PATHS = "$(inherited) @executable_path/Frameworks @loader_path/Frameworks";
				PRODUCT_BUNDLE_IDENTIFIER = "com.jasonmalia.MemeMe-1-0UITests";
				PRODUCT_NAME = "$(TARGET_NAME)";
				SWIFT_VERSION = 3.0;
				TEST_TARGET_NAME = "MemeMe 1.0";
			};
			name = Debug;
		};
		96484D711D84AB1700A1B859 /* Release */ = {
			isa = XCBuildConfiguration;
			buildSettings = {
				INFOPLIST_FILE = "MemeMe 1.0UITests/Info.plist";
				LD_RUNPATH_SEARCH_PATHS = "$(inherited) @executable_path/Frameworks @loader_path/Frameworks";
				PRODUCT_BUNDLE_IDENTIFIER = "com.jasonmalia.MemeMe-1-0UITests";
				PRODUCT_NAME = "$(TARGET_NAME)";
				SWIFT_VERSION = 3.0;
				TEST_TARGET_NAME = "MemeMe 1.0";
			};
			name = Release;
		};
/* End XCBuildConfiguration section */

/* Begin XCConfigurationList section */
		96484D3C1D84AB1700A1B859 /* Build configuration list for PBXProject "MemeMe" */ = {
			isa = XCConfigurationList;
			buildConfigurations = (
				96484D671D84AB1700A1B859 /* Debug */,
				96484D681D84AB1700A1B859 /* Release */,
			);
			defaultConfigurationIsVisible = 0;
			defaultConfigurationName = Release;
		};
		96484D691D84AB1700A1B859 /* Build configuration list for PBXNativeTarget "MemeMe" */ = {
			isa = XCConfigurationList;
			buildConfigurations = (
				96484D6A1D84AB1700A1B859 /* Debug */,
				96484D6B1D84AB1700A1B859 /* Release */,
			);
			defaultConfigurationIsVisible = 0;
			defaultConfigurationName = Release;
		};
		96484D6C1D84AB1700A1B859 /* Build configuration list for PBXNativeTarget "MemeMeTests" */ = {
			isa = XCConfigurationList;
			buildConfigurations = (
				96484D6D1D84AB1700A1B859 /* Debug */,
				96484D6E1D84AB1700A1B859 /* Release */,
			);
			defaultConfigurationIsVisible = 0;
			defaultConfigurationName = Release;
		};
		96484D6F1D84AB1700A1B859 /* Build configuration list for PBXNativeTarget "MemeMeUITests" */ = {
			isa = XCConfigurationList;
			buildConfigurations = (
				96484D701D84AB1700A1B859 /* Debug */,
				96484D711D84AB1700A1B859 /* Release */,
			);
			defaultConfigurationIsVisible = 0;
			defaultConfigurationName = Release;
		};
/* End XCConfigurationList section */
	};
	rootObject = 96484D391D84AB1700A1B859 /* Project object */;
}
